// !$*UTF8*$!
{
	archiveVersion = 1;
	classes = {
	};
	objectVersion = 46;
	objects = {

/* Begin PBXBuildFile section */
		A0F1F486DD87A899F9F6DF62 /* libPods-ReactAirplay.a in Frameworks */ = {isa = PBXBuildFile; fileRef = E290EC26D8F9C938F44F50E9 /* libPods-ReactAirplay.a */; };
		E205E8D425DC5CF400BE02C0 /* RAExternalPlaybackAvailabilityContext.m in Sources */ = {isa = PBXBuildFile; fileRef = E205E8D325DC5CF400BE02C0 /* RAExternalPlaybackAvailabilityContext.m */; };
		E205E8D725DC5F3000BE02C0 /* RAAirplayConnectivityContext.swift in Sources */ = {isa = PBXBuildFile; fileRef = E205E8D625DC5F3000BE02C0 /* RAAirplayConnectivityContext.swift */; };
		E205E8DB25DC611800BE02C0 /* RAAirplayConnectivityContext.m in Sources */ = {isa = PBXBuildFile; fileRef = E205E8DA25DC611800BE02C0 /* RAAirplayConnectivityContext.m */; };
		E205E8E125DC648F00BE02C0 /* RAEvent.m in Sources */ = {isa = PBXBuildFile; fileRef = E205E8E025DC648F00BE02C0 /* RAEvent.m */; };
		E205E8EC25DC676800BE02C0 /* RAAirplayButtonView.swift in Sources */ = {isa = PBXBuildFile; fileRef = E205E8EB25DC676800BE02C0 /* RAAirplayButtonView.swift */; };
		E271FCC326E637530023F7DA /* RARoutePickerContext.swift in Sources */ = {isa = PBXBuildFile; fileRef = E271FCC126E637530023F7DA /* RARoutePickerContext.swift */; };
		E271FCC426E637530023F7DA /* RARoutePickerContext.m in Sources */ = {isa = PBXBuildFile; fileRef = E271FCC226E637530023F7DA /* RARoutePickerContext.m */; };
		E28F4EB125DBD3AB00DECA36 /* RAEventEmitter.swift in Sources */ = {isa = PBXBuildFile; fileRef = E28F4EAF25DBD34600DECA36 /* RAEventEmitter.swift */; };
		E28F4EB325DBD3AE00DECA36 /* RAAirplayButtonViewManager.m in Sources */ = {isa = PBXBuildFile; fileRef = E250438425D9C78A00CB870C /* RAAirplayButtonViewManager.m */; };
		E28F4EB525DBD3B100DECA36 /* RAAirplayButtonViewManager.swift in Sources */ = {isa = PBXBuildFile; fileRef = E250438525D9C78A00CB870C /* RAAirplayButtonViewManager.swift */; };
		E28F4EBC25DBD65600DECA36 /* RAEvent.swift in Sources */ = {isa = PBXBuildFile; fileRef = E28F4EBB25DBD65600DECA36 /* RAEvent.swift */; };
		E28F4EBF25DBD67C00DECA36 /* RAExternalPlaybackAvailabilityContext.swift in Sources */ = {isa = PBXBuildFile; fileRef = E28F4EBE25DBD67C00DECA36 /* RAExternalPlaybackAvailabilityContext.swift */; };
/* End PBXBuildFile section */

/* Begin PBXCopyFilesBuildPhase section */
		58B511D91A9E6C8500147676 /* CopyFiles */ = {
			isa = PBXCopyFilesBuildPhase;
			buildActionMask = 2147483647;
			dstPath = "include/$(PRODUCT_NAME)";
			dstSubfolderSpec = 16;
			files = (
			);
			runOnlyForDeploymentPostprocessing = 0;
		};
/* End PBXCopyFilesBuildPhase section */

/* Begin PBXFileReference section */
		134814201AA4EA6300B7C361 /* libReactAirplay.a */ = {isa = PBXFileReference; explicitFileType = archive.ar; includeInIndex = 0; path = libReactAirplay.a; sourceTree = BUILT_PRODUCTS_DIR; };
		31BAB43FAD5565C60560F4DC /* Pods-ReactAirplay.debug.xcconfig */ = {isa = PBXFileReference; includeInIndex = 1; lastKnownFileType = text.xcconfig; name = "Pods-ReactAirplay.debug.xcconfig"; path = "Target Support Files/Pods-ReactAirplay/Pods-ReactAirplay.debug.xcconfig"; sourceTree = "<group>"; };
		69983146D0EE5FCC3E26F024 /* Pods-ReactAirplay.release.xcconfig */ = {isa = PBXFileReference; includeInIndex = 1; lastKnownFileType = text.xcconfig; name = "Pods-ReactAirplay.release.xcconfig"; path = "Target Support Files/Pods-ReactAirplay/Pods-ReactAirplay.release.xcconfig"; sourceTree = "<group>"; };
		E205E8D325DC5CF400BE02C0 /* RAExternalPlaybackAvailabilityContext.m */ = {isa = PBXFileReference; lastKnownFileType = sourcecode.c.objc; path = RAExternalPlaybackAvailabilityContext.m; sourceTree = "<group>"; };
		E205E8D625DC5F3000BE02C0 /* RAAirplayConnectivityContext.swift */ = {isa = PBXFileReference; lastKnownFileType = sourcecode.swift; path = RAAirplayConnectivityContext.swift; sourceTree = "<group>"; };
		E205E8DA25DC611800BE02C0 /* RAAirplayConnectivityContext.m */ = {isa = PBXFileReference; lastKnownFileType = sourcecode.c.objc; path = RAAirplayConnectivityContext.m; sourceTree = "<group>"; };
		E205E8E025DC648F00BE02C0 /* RAEvent.m */ = {isa = PBXFileReference; lastKnownFileType = sourcecode.c.objc; path = RAEvent.m; sourceTree = "<group>"; };
		E205E8EB25DC676800BE02C0 /* RAAirplayButtonView.swift */ = {isa = PBXFileReference; lastKnownFileType = sourcecode.swift; path = RAAirplayButtonView.swift; sourceTree = "<group>"; };
		E250438425D9C78A00CB870C /* RAAirplayButtonViewManager.m */ = {isa = PBXFileReference; lastKnownFileType = sourcecode.c.objc; path = RAAirplayButtonViewManager.m; sourceTree = "<group>"; };
		E250438525D9C78A00CB870C /* RAAirplayButtonViewManager.swift */ = {isa = PBXFileReference; lastKnownFileType = sourcecode.swift; path = RAAirplayButtonViewManager.swift; sourceTree = "<group>"; };
		E271FCC126E637530023F7DA /* RARoutePickerContext.swift */ = {isa = PBXFileReference; fileEncoding = 4; lastKnownFileType = sourcecode.swift; path = RARoutePickerContext.swift; sourceTree = "<group>"; };
		E271FCC226E637530023F7DA /* RARoutePickerContext.m */ = {isa = PBXFileReference; fileEncoding = 4; lastKnownFileType = sourcecode.c.objc; path = RARoutePickerContext.m; sourceTree = "<group>"; };
		E28F4EAF25DBD34600DECA36 /* RAEventEmitter.swift */ = {isa = PBXFileReference; lastKnownFileType = sourcecode.swift; path = RAEventEmitter.swift; sourceTree = "<group>"; };
		E28F4EBB25DBD65600DECA36 /* RAEvent.swift */ = {isa = PBXFileReference; lastKnownFileType = sourcecode.swift; path = RAEvent.swift; sourceTree = "<group>"; };
		E28F4EBE25DBD67C00DECA36 /* RAExternalPlaybackAvailabilityContext.swift */ = {isa = PBXFileReference; lastKnownFileType = sourcecode.swift; path = RAExternalPlaybackAvailabilityContext.swift; sourceTree = "<group>"; };
		E290EC26D8F9C938F44F50E9 /* libPods-ReactAirplay.a */ = {isa = PBXFileReference; explicitFileType = archive.ar; includeInIndex = 0; path = "libPods-ReactAirplay.a"; sourceTree = BUILT_PRODUCTS_DIR; };
		F4FF95D5245B92E700C19C63 /* ReactAirplay-Bridging-Header.h */ = {isa = PBXFileReference; lastKnownFileType = sourcecode.c.h; path = "ReactAirplay-Bridging-Header.h"; sourceTree = "<group>"; };
/* End PBXFileReference section */

/* Begin PBXFrameworksBuildPhase section */
		58B511D81A9E6C8500147676 /* Frameworks */ = {
			isa = PBXFrameworksBuildPhase;
			buildActionMask = 2147483647;
			files = (
				A0F1F486DD87A899F9F6DF62 /* libPods-ReactAirplay.a in Frameworks */,
			);
			runOnlyForDeploymentPostprocessing = 0;
		};
/* End PBXFrameworksBuildPhase section */

/* Begin PBXGroup section */
		134814211AA4EA7D00B7C361 /* Products */ = {
			isa = PBXGroup;
			children = (
				134814201AA4EA6300B7C361 /* libReactAirplay.a */,
			);
			name = Products;
			sourceTree = "<group>";
		};
		2DEF70C9DA0040849B61EB8B /* Frameworks */ = {
			isa = PBXGroup;
			children = (
				E290EC26D8F9C938F44F50E9 /* libPods-ReactAirplay.a */,
			);
			name = Frameworks;
			sourceTree = "<group>";
		};
		58B511D21A9E6C8500147676 = {
			isa = PBXGroup;
			children = (
				F4FF95D5245B92E700C19C63 /* ReactAirplay-Bridging-Header.h */,
				2DEF70C9DA0040849B61EB8B /* Frameworks */,
				C4768C40F0DA143C73316BE6 /* Pods */,
				134814211AA4EA7D00B7C361 /* Products */,
				E217567C2686C1BA001AA41E /* ReactAirplay */,
			);
			sourceTree = "<group>";
		};
		C4768C40F0DA143C73316BE6 /* Pods */ = {
			isa = PBXGroup;
			children = (
				31BAB43FAD5565C60560F4DC /* Pods-ReactAirplay.debug.xcconfig */,
				69983146D0EE5FCC3E26F024 /* Pods-ReactAirplay.release.xcconfig */,
			);
			path = Pods;
			sourceTree = "<group>";
		};
		E205E8E725DC65B500BE02C0 /* Views */ = {
			isa = PBXGroup;
			children = (
				E250438525D9C78A00CB870C /* RAAirplayButtonViewManager.swift */,
				E250438425D9C78A00CB870C /* RAAirplayButtonViewManager.m */,
				E205E8EB25DC676800BE02C0 /* RAAirplayButtonView.swift */,
			);
			path = Views;
			sourceTree = "<group>";
		};
		E205E8E825DC65D000BE02C0 /* Modules */ = {
			isa = PBXGroup;
			children = (
				E205E8DA25DC611800BE02C0 /* RAAirplayConnectivityContext.m */,
				E205E8D625DC5F3000BE02C0 /* RAAirplayConnectivityContext.swift */,
				E28F4EAF25DBD34600DECA36 /* RAEventEmitter.swift */,
				E205E8D325DC5CF400BE02C0 /* RAExternalPlaybackAvailabilityContext.m */,
				E28F4EBE25DBD67C00DECA36 /* RAExternalPlaybackAvailabilityContext.swift */,
				E271FCC226E637530023F7DA /* RARoutePickerContext.m */,
				E271FCC126E637530023F7DA /* RARoutePickerContext.swift */,
			);
			path = Modules;
			sourceTree = "<group>";
		};
		E205E8E925DC65EF00BE02C0 /* Events */ = {
			isa = PBXGroup;
			children = (
				E28F4EBB25DBD65600DECA36 /* RAEvent.swift */,
				E205E8E025DC648F00BE02C0 /* RAEvent.m */,
			);
			path = Events;
			sourceTree = "<group>";
		};
		E217567C2686C1BA001AA41E /* ReactAirplay */ = {
			isa = PBXGroup;
			children = (
				E205E8E925DC65EF00BE02C0 /* Events */,
				E205E8E825DC65D000BE02C0 /* Modules */,
				E205E8E725DC65B500BE02C0 /* Views */,
			);
			path = ReactAirplay;
			sourceTree = "<group>";
		};
/* End PBXGroup section */

/* Begin PBXNativeTarget section */
		58B511DA1A9E6C8500147676 /* ReactAirplay */ = {
			isa = PBXNativeTarget;
			buildConfigurationList = 58B511EF1A9E6C8500147676 /* Build configuration list for PBXNativeTarget "ReactAirplay" */;
			buildPhases = (
				27016C3E32FF1B36948EDD7A /* [CP] Check Pods Manifest.lock */,
				E2AAC3F6268D1DB200BE0927 /* SwiftLint */,
				58B511D71A9E6C8500147676 /* Sources */,
				58B511D81A9E6C8500147676 /* Frameworks */,
				58B511D91A9E6C8500147676 /* CopyFiles */,
			);
			buildRules = (
			);
			dependencies = (
			);
			name = ReactAirplay;
			productName = RCTDataManager;
			productReference = 134814201AA4EA6300B7C361 /* libReactAirplay.a */;
			productType = "com.apple.product-type.library.static";
		};
/* End PBXNativeTarget section */

/* Begin PBXProject section */
		58B511D31A9E6C8500147676 /* Project object */ = {
			isa = PBXProject;
			attributes = {
				LastUpgradeCheck = 1250;
				ORGANIZATIONNAME = Facebook;
				TargetAttributes = {
					58B511DA1A9E6C8500147676 = {
						CreatedOnToolsVersion = 6.1.1;
					};
				};
			};
			buildConfigurationList = 58B511D61A9E6C8500147676 /* Build configuration list for PBXProject "ReactAirplay" */;
			compatibilityVersion = "Xcode 3.2";
			developmentRegion = en;
			hasScannedForEncodings = 0;
			knownRegions = (
				en,
				Base,
			);
			mainGroup = 58B511D21A9E6C8500147676;
			productRefGroup = 58B511D21A9E6C8500147676;
			projectDirPath = "";
			projectRoot = "";
			targets = (
				58B511DA1A9E6C8500147676 /* ReactAirplay */,
			);
		};
/* End PBXProject section */

/* Begin PBXShellScriptBuildPhase section */
		27016C3E32FF1B36948EDD7A /* [CP] Check Pods Manifest.lock */ = {
			isa = PBXShellScriptBuildPhase;
			buildActionMask = 2147483647;
			files = (
			);
			inputFileListPaths = (
			);
			inputPaths = (
				"${PODS_PODFILE_DIR_PATH}/Podfile.lock",
				"${PODS_ROOT}/Manifest.lock",
			);
			name = "[CP] Check Pods Manifest.lock";
			outputFileListPaths = (
			);
			outputPaths = (
				"$(DERIVED_FILE_DIR)/Pods-ReactAirplay-checkManifestLockResult.txt",
			);
			runOnlyForDeploymentPostprocessing = 0;
			shellPath = /bin/sh;
			shellScript = "diff \"${PODS_PODFILE_DIR_PATH}/Podfile.lock\" \"${PODS_ROOT}/Manifest.lock\" > /dev/null\nif [ $? != 0 ] ; then\n    # print error to STDERR\n    echo \"error: The sandbox is not in sync with the Podfile.lock. Run 'pod install' or update your CocoaPods installation.\" >&2\n    exit 1\nfi\n# This output is used by Xcode 'outputs' to avoid re-running this script phase.\necho \"SUCCESS\" > \"${SCRIPT_OUTPUT_FILE_0}\"\n";
			showEnvVarsInLog = 0;
		};
		E2AAC3F6268D1DB200BE0927 /* SwiftLint */ = {
			isa = PBXShellScriptBuildPhase;
			buildActionMask = 2147483647;
			files = (
			);
			inputFileListPaths = (
			);
			inputPaths = (
			);
			name = SwiftLint;
			outputFileListPaths = (
			);
			outputPaths = (
			);
			runOnlyForDeploymentPostprocessing = 0;
			shellPath = /bin/sh;
			shellScript = "\"${PODS_ROOT}/SwiftLint/swiftlint\"\n";
		};
/* End PBXShellScriptBuildPhase section */

/* Begin PBXSourcesBuildPhase section */
		58B511D71A9E6C8500147676 /* Sources */ = {
			isa = PBXSourcesBuildPhase;
			buildActionMask = 2147483647;
			files = (
				E205E8D425DC5CF400BE02C0 /* RAExternalPlaybackAvailabilityContext.m in Sources */,
				E205E8D725DC5F3000BE02C0 /* RAAirplayConnectivityContext.swift in Sources */,
				E28F4EBF25DBD67C00DECA36 /* RAExternalPlaybackAvailabilityContext.swift in Sources */,
				E28F4EB125DBD3AB00DECA36 /* RAEventEmitter.swift in Sources */,
				E205E8E125DC648F00BE02C0 /* RAEvent.m in Sources */,
				E28F4EB325DBD3AE00DECA36 /* RAAirplayButtonViewManager.m in Sources */,
				E271FCC426E637530023F7DA /* RARoutePickerContext.m in Sources */,
				E205E8DB25DC611800BE02C0 /* RAAirplayConnectivityContext.m in Sources */,
				E28F4EB525DBD3B100DECA36 /* RAAirplayButtonViewManager.swift in Sources */,
				E271FCC326E637530023F7DA /* RARoutePickerContext.swift in Sources */,
				E205E8EC25DC676800BE02C0 /* RAAirplayButtonView.swift in Sources */,
				E28F4EBC25DBD65600DECA36 /* RAEvent.swift in Sources */,
			);
			runOnlyForDeploymentPostprocessing = 0;
		};
/* End PBXSourcesBuildPhase section */

/* Begin XCBuildConfiguration section */
		58B511ED1A9E6C8500147676 /* Debug */ = {
			isa = XCBuildConfiguration;
			buildSettings = {
				ALWAYS_SEARCH_USER_PATHS = NO;
				CLANG_CXX_LANGUAGE_STANDARD = "gnu++0x";
				CLANG_CXX_LIBRARY = "libc++";
				CLANG_ENABLE_MODULES = YES;
				CLANG_ENABLE_OBJC_ARC = YES;
				CLANG_WARN_BLOCK_CAPTURE_AUTORELEASING = YES;
				CLANG_WARN_BOOL_CONVERSION = YES;
				CLANG_WARN_COMMA = YES;
				CLANG_WARN_CONSTANT_CONVERSION = YES;
				CLANG_WARN_DEPRECATED_OBJC_IMPLEMENTATIONS = YES;
				CLANG_WARN_DIRECT_OBJC_ISA_USAGE = YES_ERROR;
				CLANG_WARN_EMPTY_BODY = YES;
				CLANG_WARN_ENUM_CONVERSION = YES;
				CLANG_WARN_INFINITE_RECURSION = YES;
				CLANG_WARN_INT_CONVERSION = YES;
				CLANG_WARN_NON_LITERAL_NULL_CONVERSION = YES;
				CLANG_WARN_OBJC_IMPLICIT_RETAIN_SELF = YES;
				CLANG_WARN_OBJC_LITERAL_CONVERSION = YES;
				CLANG_WARN_OBJC_ROOT_CLASS = YES_ERROR;
				CLANG_WARN_QUOTED_INCLUDE_IN_FRAMEWORK_HEADER = YES;
				CLANG_WARN_RANGE_LOOP_ANALYSIS = YES;
				CLANG_WARN_STRICT_PROTOTYPES = YES;
				CLANG_WARN_SUSPICIOUS_MOVE = YES;
				CLANG_WARN_UNREACHABLE_CODE = YES;
				CLANG_WARN__DUPLICATE_METHOD_MATCH = YES;
				COPY_PHASE_STRIP = NO;
				ENABLE_STRICT_OBJC_MSGSEND = YES;
				ENABLE_TESTABILITY = YES;
				GCC_C_LANGUAGE_STANDARD = gnu99;
				GCC_DYNAMIC_NO_PIC = NO;
				GCC_NO_COMMON_BLOCKS = YES;
				GCC_OPTIMIZATION_LEVEL = 0;
				GCC_PREPROCESSOR_DEFINITIONS = (
					"DEBUG=1",
					"$(inherited)",
				);
				GCC_SYMBOLS_PRIVATE_EXTERN = NO;
				GCC_WARN_64_TO_32_BIT_CONVERSION = YES;
				GCC_WARN_ABOUT_RETURN_TYPE = YES_ERROR;
				GCC_WARN_UNDECLARED_SELECTOR = YES;
				GCC_WARN_UNINITIALIZED_AUTOS = YES_AGGRESSIVE;
				GCC_WARN_UNUSED_FUNCTION = YES;
				GCC_WARN_UNUSED_VARIABLE = YES;
				IPHONEOS_DEPLOYMENT_TARGET = 11.0;
				MTL_ENABLE_DEBUG_INFO = YES;
				ONLY_ACTIVE_ARCH = YES;
				SDKROOT = iphoneos;
			};
			name = Debug;
		};
		58B511EE1A9E6C8500147676 /* Release */ = {
			isa = XCBuildConfiguration;
			buildSettings = {
				ALWAYS_SEARCH_USER_PATHS = NO;
				CLANG_CXX_LANGUAGE_STANDARD = "gnu++0x";
				CLANG_CXX_LIBRARY = "libc++";
				CLANG_ENABLE_MODULES = YES;
				CLANG_ENABLE_OBJC_ARC = YES;
				CLANG_WARN_BLOCK_CAPTURE_AUTORELEASING = YES;
				CLANG_WARN_BOOL_CONVERSION = YES;
				CLANG_WARN_COMMA = YES;
				CLANG_WARN_CONSTANT_CONVERSION = YES;
				CLANG_WARN_DEPRECATED_OBJC_IMPLEMENTATIONS = YES;
				CLANG_WARN_DIRECT_OBJC_ISA_USAGE = YES_ERROR;
				CLANG_WARN_EMPTY_BODY = YES;
				CLANG_WARN_ENUM_CONVERSION = YES;
				CLANG_WARN_INFINITE_RECURSION = YES;
				CLANG_WARN_INT_CONVERSION = YES;
				CLANG_WARN_NON_LITERAL_NULL_CONVERSION = YES;
				CLANG_WARN_OBJC_IMPLICIT_RETAIN_SELF = YES;
				CLANG_WARN_OBJC_LITERAL_CONVERSION = YES;
				CLANG_WARN_OBJC_ROOT_CLASS = YES_ERROR;
				CLANG_WARN_QUOTED_INCLUDE_IN_FRAMEWORK_HEADER = YES;
				CLANG_WARN_RANGE_LOOP_ANALYSIS = YES;
				CLANG_WARN_STRICT_PROTOTYPES = YES;
				CLANG_WARN_SUSPICIOUS_MOVE = YES;
				CLANG_WARN_UNREACHABLE_CODE = YES;
				CLANG_WARN__DUPLICATE_METHOD_MATCH = YES;
				COPY_PHASE_STRIP = YES;
				ENABLE_NS_ASSERTIONS = NO;
				ENABLE_STRICT_OBJC_MSGSEND = YES;
				GCC_C_LANGUAGE_STANDARD = gnu99;
				GCC_NO_COMMON_BLOCKS = YES;
				GCC_WARN_64_TO_32_BIT_CONVERSION = YES;
				GCC_WARN_ABOUT_RETURN_TYPE = YES_ERROR;
				GCC_WARN_UNDECLARED_SELECTOR = YES;
				GCC_WARN_UNINITIALIZED_AUTOS = YES_AGGRESSIVE;
				GCC_WARN_UNUSED_FUNCTION = YES;
				GCC_WARN_UNUSED_VARIABLE = YES;
				IPHONEOS_DEPLOYMENT_TARGET = 11.0;
				MTL_ENABLE_DEBUG_INFO = NO;
				SDKROOT = iphoneos;
				SWIFT_COMPILATION_MODE = wholemodule;
				VALIDATE_PRODUCT = YES;
			};
			name = Release;
		};
		58B511F01A9E6C8500147676 /* Debug */ = {
			isa = XCBuildConfiguration;
			baseConfigurationReference = 31BAB43FAD5565C60560F4DC /* Pods-ReactAirplay.debug.xcconfig */;
			buildSettings = {
				HEADER_SEARCH_PATHS = (
					"$(inherited)",
					/Applications/Xcode.app/Contents/Developer/Toolchains/XcodeDefault.xctoolchain/usr/include,
					"$(SRCROOT)/../../../React/**",
					"$(SRCROOT)/../../react-native/React/**",
				);
				LIBRARY_SEARCH_PATHS = "$(inherited)";
				OTHER_LDFLAGS = "-ObjC";
				PRODUCT_NAME = ReactAirplay;
				SKIP_INSTALL = YES;
				SWIFT_OBJC_BRIDGING_HEADER = "ReactAirplay-Bridging-Header.h";
				SWIFT_OPTIMIZATION_LEVEL = "-Onone";
				SWIFT_VERSION = 5.0;
			};
			name = Debug;
		};
		58B511F11A9E6C8500147676 /* Release */ = {
			isa = XCBuildConfiguration;
			baseConfigurationReference = 69983146D0EE5FCC3E26F024 /* Pods-ReactAirplay.release.xcconfig */;
			buildSettings = {
				HEADER_SEARCH_PATHS = (
					"$(inherited)",
					/Applications/Xcode.app/Contents/Developer/Toolchains/XcodeDefault.xctoolchain/usr/include,
					"$(SRCROOT)/../../../React/**",
					"$(SRCROOT)/../../react-native/React/**",
				);
				LIBRARY_SEARCH_PATHS = "$(inherited)";
				OTHER_LDFLAGS = "-ObjC";
				PRODUCT_NAME = ReactAirplay;
				SKIP_INSTALL = YES;
				SWIFT_OBJC_BRIDGING_HEADER = "ReactAirplay-Bridging-Header.h";
				SWIFT_VERSION = 5.0;
			};
			name = Release;
		};
/* End XCBuildConfiguration section */

/* Begin XCConfigurationList section */
		58B511D61A9E6C8500147676 /* Build configuration list for PBXProject "ReactAirplay" */ = {
			isa = XCConfigurationList;
			buildConfigurations = (
				58B511ED1A9E6C8500147676 /* Debug */,
				58B511EE1A9E6C8500147676 /* Release */,
			);
			defaultConfigurationIsVisible = 0;
			defaultConfigurationName = Release;
		};
		58B511EF1A9E6C8500147676 /* Build configuration list for PBXNativeTarget "ReactAirplay" */ = {
			isa = XCConfigurationList;
			buildConfigurations = (
				58B511F01A9E6C8500147676 /* Debug */,
				58B511F11A9E6C8500147676 /* Release */,
			);
			defaultConfigurationIsVisible = 0;
			defaultConfigurationName = Release;
		};
/* End XCConfigurationList section */
	};
	rootObject = 58B511D31A9E6C8500147676 /* Project object */;
}
